
Microsoft Visual Studio Solution File, Format Version 12.00
Project("{FAE04EC0-301F-11D3-BF4B-00C04F79EFBC}") = "FVA", "FVA.csproj", "{88816D3F-EA50-4CE4-9470-FE74FAE866C2}"
EndProject
Global
	GlobalSection(SolutionConfigurationPlatforms) = preSolution
		Debug|Any CPU = Debug|Any CPU
		Release|Any CPU = Release|Any CPU
	EndGlobalSection
	GlobalSection(ProjectConfigurationPlatforms) = postSolution
		{88816D3F-EA50-4CE4-9470-FE74FAE866C2}.Debug|Any CPU.ActiveCfg = Debug|Any CPU
		{88816D3F-EA50-4CE4-9470-FE74FAE866C2}.Debug|Any CPU.Build.0 = Debug|Any CPU
		{88816D3F-EA50-4CE4-9470-FE74FAE866C2}.Release|Any CPU.ActiveCfg = Release|Any CPU
		{88816D3F-EA50-4CE4-9470-FE74FAE866C2}.Release|Any CPU.Build.0 = Release|Any CPU
	EndGlobalSection
EndGlobal
